// !$*UTF8*$!
{
	archiveVersion = 1;
	classes = {
	};
	objectVersion = 50;
	objects = {

/* Begin PBXBuildFile section */
		329DEAC3254CF50E00E92301 /* AppDelegate.swift in Sources */ = {isa = PBXBuildFile; fileRef = 329DEAC2254CF50E00E92301 /* AppDelegate.swift */; };
		329DEAC5254CF50E00E92301 /* SceneDelegate.swift in Sources */ = {isa = PBXBuildFile; fileRef = 329DEAC4254CF50E00E92301 /* SceneDelegate.swift */; };
		329DEACA254CF50E00E92301 /* Main.storyboard in Resources */ = {isa = PBXBuildFile; fileRef = 329DEAC8254CF50E00E92301 /* Main.storyboard */; };
		329DEACD254CF50E00E92301 /* sample.xcdatamodeld in Sources */ = {isa = PBXBuildFile; fileRef = 329DEACB254CF50E00E92301 /* sample.xcdatamodeld */; };
		329DEACF254CF51000E92301 /* Assets.xcassets in Resources */ = {isa = PBXBuildFile; fileRef = 329DEACE254CF51000E92301 /* Assets.xcassets */; };
		329DEAD2254CF51000E92301 /* LaunchScreen.storyboard in Resources */ = {isa = PBXBuildFile; fileRef = 329DEAD0254CF51000E92301 /* LaunchScreen.storyboard */; };
		82ABF3F2254E57930096ECF4 /* VC.swift in Sources */ = {isa = PBXBuildFile; fileRef = 82ABF3F1254E57920096ECF4 /* VC.swift */; };
		842AB70C254E3E4700A0A4B0 /* Leaderboard.swift in Sources */ = {isa = PBXBuildFile; fileRef = 842AB70B254E3E4700A0A4B0 /* Leaderboard.swift */; };
		842AB70E254E41ED00A0A4B0 /* TableViewController.swift in Sources */ = {isa = PBXBuildFile; fileRef = 842AB70D254E41ED00A0A4B0 /* TableViewController.swift */; };
/* End PBXBuildFile section */

/* Begin PBXFileReference section */
		329DEABF254CF50E00E92301 /* sample.app */ = {isa = PBXFileReference; explicitFileType = wrapper.application; includeInIndex = 0; path = sample.app; sourceTree = BUILT_PRODUCTS_DIR; };
		329DEAC2254CF50E00E92301 /* AppDelegate.swift */ = {isa = PBXFileReference; lastKnownFileType = sourcecode.swift; path = AppDelegate.swift; sourceTree = "<group>"; };
		329DEAC4254CF50E00E92301 /* SceneDelegate.swift */ = {isa = PBXFileReference; lastKnownFileType = sourcecode.swift; path = SceneDelegate.swift; sourceTree = "<group>"; };
		329DEAC9254CF50E00E92301 /* Base */ = {isa = PBXFileReference; lastKnownFileType = file.storyboard; name = Base; path = Base.lproj/Main.storyboard; sourceTree = "<group>"; };
		329DEACC254CF50E00E92301 /* sample.xcdatamodel */ = {isa = PBXFileReference; lastKnownFileType = wrapper.xcdatamodel; path = sample.xcdatamodel; sourceTree = "<group>"; };
		329DEACE254CF51000E92301 /* Assets.xcassets */ = {isa = PBXFileReference; lastKnownFileType = folder.assetcatalog; path = Assets.xcassets; sourceTree = "<group>"; };
		329DEAD1254CF51000E92301 /* Base */ = {isa = PBXFileReference; lastKnownFileType = file.storyboard; name = Base; path = Base.lproj/LaunchScreen.storyboard; sourceTree = "<group>"; };
		329DEAD3254CF51000E92301 /* Info.plist */ = {isa = PBXFileReference; lastKnownFileType = text.plist.xml; path = Info.plist; sourceTree = "<group>"; };
		82ABF3F1254E57920096ECF4 /* VC.swift */ = {isa = PBXFileReference; lastKnownFileType = sourcecode.swift; path = VC.swift; sourceTree = "<group>"; };
		842AB70B254E3E4700A0A4B0 /* Leaderboard.swift */ = {isa = PBXFileReference; lastKnownFileType = sourcecode.swift; path = Leaderboard.swift; sourceTree = "<group>"; };
		842AB70D254E41ED00A0A4B0 /* TableViewController.swift */ = {isa = PBXFileReference; lastKnownFileType = sourcecode.swift; path = TableViewController.swift; sourceTree = "<group>"; };
/* End PBXFileReference section */

/* Begin PBXFrameworksBuildPhase section */
		329DEABC254CF50E00E92301 /* Frameworks */ = {
			isa = PBXFrameworksBuildPhase;
			buildActionMask = 2147483647;
			files = (
			);
			runOnlyForDeploymentPostprocessing = 0;
		};
/* End PBXFrameworksBuildPhase section */

/* Begin PBXGroup section */
		329DEAB6254CF50E00E92301 = {
			isa = PBXGroup;
			children = (
				329DEAC1254CF50E00E92301 /* sample */,
				329DEAC0254CF50E00E92301 /* Products */,
			);
			sourceTree = "<group>";
		};
		329DEAC0254CF50E00E92301 /* Products */ = {
			isa = PBXGroup;
			children = (
				329DEABF254CF50E00E92301 /* sample.app */,
			);
			name = Products;
			sourceTree = "<group>";
		};
		329DEAC1254CF50E00E92301 /* sample */ = {
			isa = PBXGroup;
			children = (
				842AB708254E3E1600A0A4B0 /* Model */,
				329DEAC2254CF50E00E92301 /* AppDelegate.swift */,
				82ABF3F1254E57920096ECF4 /* VC.swift */,
				329DEAC4254CF50E00E92301 /* SceneDelegate.swift */,
				329DEAC8254CF50E00E92301 /* Main.storyboard */,
				329DEACE254CF51000E92301 /* Assets.xcassets */,
				329DEAD0254CF51000E92301 /* LaunchScreen.storyboard */,
				329DEAD3254CF51000E92301 /* Info.plist */,
				329DEACB254CF50E00E92301 /* sample.xcdatamodeld */,
				842AB70D254E41ED00A0A4B0 /* TableViewController.swift */,
			);
			path = sample;
			sourceTree = "<group>";
		};
		842AB708254E3E1600A0A4B0 /* Model */ = {
			isa = PBXGroup;
			children = (
				842AB70B254E3E4700A0A4B0 /* Leaderboard.swift */,
			);
			path = Model;
			sourceTree = "<group>";
		};
/* End PBXGroup section */

/* Begin PBXNativeTarget section */
		329DEABE254CF50E00E92301 /* sample */ = {
			isa = PBXNativeTarget;
			buildConfigurationList = 329DEAD6254CF51000E92301 /* Build configuration list for PBXNativeTarget "sample" */;
			buildPhases = (
				329DEABB254CF50E00E92301 /* Sources */,
				329DEABC254CF50E00E92301 /* Frameworks */,
				329DEABD254CF50E00E92301 /* Resources */,
			);
			buildRules = (
			);
			dependencies = (
			);
			name = sample;
			productName = sample;
			productReference = 329DEABF254CF50E00E92301 /* sample.app */;
			productType = "com.apple.product-type.application";
		};
/* End PBXNativeTarget section */

/* Begin PBXProject section */
		329DEAB7254CF50E00E92301 /* Project object */ = {
			isa = PBXProject;
			attributes = {
				LastSwiftUpdateCheck = 1170;
				LastUpgradeCheck = 1170;
				ORGANIZATIONNAME = team9;
				TargetAttributes = {
					329DEABE254CF50E00E92301 = {
						CreatedOnToolsVersion = 11.7;
					};
				};
			};
			buildConfigurationList = 329DEABA254CF50E00E92301 /* Build configuration list for PBXProject "sample" */;
			compatibilityVersion = "Xcode 9.3";
			developmentRegion = en;
			hasScannedForEncodings = 0;
			knownRegions = (
				en,
				Base,
			);
			mainGroup = 329DEAB6254CF50E00E92301;
			productRefGroup = 329DEAC0254CF50E00E92301 /* Products */;
			projectDirPath = "";
			projectRoot = "";
			targets = (
				329DEABE254CF50E00E92301 /* sample */,
			);
		};
/* End PBXProject section */

/* Begin PBXResourcesBuildPhase section */
		329DEABD254CF50E00E92301 /* Resources */ = {
			isa = PBXResourcesBuildPhase;
			buildActionMask = 2147483647;
			files = (
				329DEAD2254CF51000E92301 /* LaunchScreen.storyboard in Resources */,
				329DEACF254CF51000E92301 /* Assets.xcassets in Resources */,
				329DEACA254CF50E00E92301 /* Main.storyboard in Resources */,
			);
			runOnlyForDeploymentPostprocessing = 0;
		};
/* End PBXResourcesBuildPhase section */

/* Begin PBXSourcesBuildPhase section */
		329DEABB254CF50E00E92301 /* Sources */ = {
			isa = PBXSourcesBuildPhase;
			buildActionMask = 2147483647;
			files = (
				329DEACD254CF50E00E92301 /* sample.xcdatamodeld in Sources */,
				329DEAC3254CF50E00E92301 /* AppDelegate.swift in Sources */,
				82ABF3F2254E57930096ECF4 /* VC.swift in Sources */,
				329DEAC5254CF50E00E92301 /* SceneDelegate.swift in Sources */,
				842AB70E254E41ED00A0A4B0 /* TableViewController.swift in Sources */,
				842AB70C254E3E4700A0A4B0 /* Leaderboard.swift in Sources */,
			);
			runOnlyForDeploymentPostprocessing = 0;
		};
/* End PBXSourcesBuildPhase section */

/* Begin PBXVariantGroup section */
		329DEAC8254CF50E00E92301 /* Main.storyboard */ = {
			isa = PBXVariantGroup;
			children = (
				329DEAC9254CF50E00E92301 /* Base */,
			);
			name = Main.storyboard;
			sourceTree = "<group>";
		};
		329DEAD0254CF51000E92301 /* LaunchScreen.storyboard */ = {
			isa = PBXVariantGroup;
			children = (
				329DEAD1254CF51000E92301 /* Base */,
			);
			name = LaunchScreen.storyboard;
			sourceTree = "<group>";
		};
/* End PBXVariantGroup section */

/* Begin XCBuildConfiguration section */
		329DEAD4254CF51000E92301 /* Debug */ = {
			isa = XCBuildConfiguration;
			buildSettings = {
				ALWAYS_SEARCH_USER_PATHS = NO;
				CLANG_ANALYZER_NONNULL = YES;
				CLANG_ANALYZER_NUMBER_OBJECT_CONVERSION = YES_AGGRESSIVE;
				CLANG_CXX_LANGUAGE_STANDARD = "gnu++14";
				CLANG_CXX_LIBRARY = "libc++";
				CLANG_ENABLE_MODULES = YES;
				CLANG_ENABLE_OBJC_ARC = YES;
				CLANG_ENABLE_OBJC_WEAK = YES;
				CLANG_WARN_BLOCK_CAPTURE_AUTORELEASING = YES;
				CLANG_WARN_BOOL_CONVERSION = YES;
				CLANG_WARN_COMMA = YES;
				CLANG_WARN_CONSTANT_CONVERSION = YES;
				CLANG_WARN_DEPRECATED_OBJC_IMPLEMENTATIONS = YES;
				CLANG_WARN_DIRECT_OBJC_ISA_USAGE = YES_ERROR;
				CLANG_WARN_DOCUMENTATION_COMMENTS = YES;
				CLANG_WARN_EMPTY_BODY = YES;
				CLANG_WARN_ENUM_CONVERSION = YES;
				CLANG_WARN_INFINITE_RECURSION = YES;
				CLANG_WARN_INT_CONVERSION = YES;
				CLANG_WARN_NON_LITERAL_NULL_CONVERSION = YES;
				CLANG_WARN_OBJC_IMPLICIT_RETAIN_SELF = YES;
				CLANG_WARN_OBJC_LITERAL_CONVERSION = YES;
				CLANG_WARN_OBJC_ROOT_CLASS = YES_ERROR;
				CLANG_WARN_RANGE_LOOP_ANALYSIS = YES;
				CLANG_WARN_STRICT_PROTOTYPES = YES;
				CLANG_WARN_SUSPICIOUS_MOVE = YES;
				CLANG_WARN_UNGUARDED_AVAILABILITY = YES_AGGRESSIVE;
				CLANG_WARN_UNREACHABLE_CODE = YES;
				CLANG_WARN__DUPLICATE_METHOD_MATCH = YES;
				COPY_PHASE_STRIP = NO;
				DEBUG_INFORMATION_FORMAT = dwarf;
				ENABLE_STRICT_OBJC_MSGSEND = YES;
				ENABLE_TESTABILITY = YES;
				GCC_C_LANGUAGE_STANDARD = gnu11;
				GCC_DYNAMIC_NO_PIC = NO;
				GCC_NO_COMMON_BLOCKS = YES;
				GCC_OPTIMIZATION_LEVEL = 0;
				GCC_PREPROCESSOR_DEFINITIONS = (
					"DEBUG=1",
					"$(inherited)",
				);
				GCC_WARN_64_TO_32_BIT_CONVERSION = YES;
				GCC_WARN_ABOUT_RETURN_TYPE = YES_ERROR;
				GCC_WARN_UNDECLARED_SELECTOR = YES;
				GCC_WARN_UNINITIALIZED_AUTOS = YES_AGGRESSIVE;
				GCC_WARN_UNUSED_FUNCTION = YES;
				GCC_WARN_UNUSED_VARIABLE = YES;
				IPHONEOS_DEPLOYMENT_TARGET = 13.7;
				MTL_ENABLE_DEBUG_INFO = INCLUDE_SOURCE;
				MTL_FAST_MATH = YES;
				ONLY_ACTIVE_ARCH = YES;
				SDKROOT = iphoneos;
				SWIFT_ACTIVE_COMPILATION_CONDITIONS = DEBUG;
				SWIFT_OPTIMIZATION_LEVEL = "-Onone";
			};
			name = Debug;
		};
		329DEAD5254CF51000E92301 /* Release */ = {
			isa = XCBuildConfiguration;
			buildSettings = {
				ALWAYS_SEARCH_USER_PATHS = NO;
				CLANG_ANALYZER_NONNULL = YES;
				CLANG_ANALYZER_NUMBER_OBJECT_CONVERSION = YES_AGGRESSIVE;
				CLANG_CXX_LANGUAGE_STANDARD = "gnu++14";
				CLANG_CXX_LIBRARY = "libc++";
				CLANG_ENABLE_MODULES = YES;
				CLANG_ENABLE_OBJC_ARC = YES;
				CLANG_ENABLE_OBJC_WEAK = YES;
				CLANG_WARN_BLOCK_CAPTURE_AUTORELEASING = YES;
				CLANG_WARN_BOOL_CONVERSION = YES;
				CLANG_WARN_COMMA = YES;
				CLANG_WARN_CONSTANT_CONVERSION = YES;
				CLANG_WARN_DEPRECATED_OBJC_IMPLEMENTATIONS = YES;
				CLANG_WARN_DIRECT_OBJC_ISA_USAGE = YES_ERROR;
				CLANG_WARN_DOCUMENTATION_COMMENTS = YES;
				CLANG_WARN_EMPTY_BODY = YES;
				CLANG_WARN_ENUM_CONVERSION = YES;
				CLANG_WARN_INFINITE_RECURSION = YES;
				CLANG_WARN_INT_CONVERSION = YES;
				CLANG_WARN_NON_LITERAL_NULL_CONVERSION = YES;
				CLANG_WARN_OBJC_IMPLICIT_RETAIN_SELF = YES;
				CLANG_WARN_OBJC_LITERAL_CONVERSION = YES;
				CLANG_WARN_OBJC_ROOT_CLASS = YES_ERROR;
				CLANG_WARN_RANGE_LOOP_ANALYSIS = YES;
				CLANG_WARN_STRICT_PROTOTYPES = YES;
				CLANG_WARN_SUSPICIOUS_MOVE = YES;
				CLANG_WARN_UNGUARDED_AVAILABILITY = YES_AGGRESSIVE;
				CLANG_WARN_UNREACHABLE_CODE = YES;
				CLANG_WARN__DUPLICATE_METHOD_MATCH = YES;
				COPY_PHASE_STRIP = NO;
				DEBUG_INFORMATION_FORMAT = "dwarf-with-dsym";
				ENABLE_NS_ASSERTIONS = NO;
				ENABLE_STRICT_OBJC_MSGSEND = YES;
				GCC_C_LANGUAGE_STANDARD = gnu11;
				GCC_NO_COMMON_BLOCKS = YES;
				GCC_WARN_64_TO_32_BIT_CONVERSION = YES;
				GCC_WARN_ABOUT_RETURN_TYPE = YES_ERROR;
				GCC_WARN_UNDECLARED_SELECTOR = YES;
				GCC_WARN_UNINITIALIZED_AUTOS = YES_AGGRESSIVE;
				GCC_WARN_UNUSED_FUNCTION = YES;
				GCC_WARN_UNUSED_VARIABLE = YES;
				IPHONEOS_DEPLOYMENT_TARGET = 13.7;
				MTL_ENABLE_DEBUG_INFO = NO;
				MTL_FAST_MATH = YES;
				SDKROOT = iphoneos;
				SWIFT_COMPILATION_MODE = wholemodule;
				SWIFT_OPTIMIZATION_LEVEL = "-O";
				VALIDATE_PRODUCT = YES;
			};
			name = Release;
		};
		329DEAD7254CF51000E92301 /* Debug */ = {
			isa = XCBuildConfiguration;
			buildSettings = {
				ASSETCATALOG_COMPILER_APPICON_NAME = AppIcon;
				CODE_SIGN_STYLE = Automatic;
				INFOPLIST_FILE = sample/Info.plist;
				LD_RUNPATH_SEARCH_PATHS = (
					"$(inherited)",
					"@executable_path/Frameworks",
				);
				PRODUCT_BUNDLE_IDENTIFIER = team9.sample;
				PRODUCT_NAME = "$(TARGET_NAME)";
				SWIFT_VERSION = 5.0;
				TARGETED_DEVICE_FAMILY = "1,2";
			};
			name = Debug;
		};
		329DEAD8254CF51000E92301 /* Release */ = {
			isa = XCBuildConfiguration;
			buildSettings = {
				ASSETCATALOG_COMPILER_APPICON_NAME = AppIcon;
				CODE_SIGN_STYLE = Automatic;
				INFOPLIST_FILE = sample/Info.plist;
				LD_RUNPATH_SEARCH_PATHS = (
					"$(inherited)",
					"@executable_path/Frameworks",
				);
				PRODUCT_BUNDLE_IDENTIFIER = team9.sample;
				PRODUCT_NAME = "$(TARGET_NAME)";
				SWIFT_VERSION = 5.0;
				TARGETED_DEVICE_FAMILY = "1,2";
			};
			name = Release;
		};
/* End XCBuildConfiguration section */

/* Begin XCConfigurationList section */
		329DEABA254CF50E00E92301 /* Build configuration list for PBXProject "sample" */ = {
			isa = XCConfigurationList;
			buildConfigurations = (
				329DEAD4254CF51000E92301 /* Debug */,
				329DEAD5254CF51000E92301 /* Release */,
			);
			defaultConfigurationIsVisible = 0;
			defaultConfigurationName = Release;
		};
		329DEAD6254CF51000E92301 /* Build configuration list for PBXNativeTarget "sample" */ = {
			isa = XCConfigurationList;
			buildConfigurations = (
				329DEAD7254CF51000E92301 /* Debug */,
				329DEAD8254CF51000E92301 /* Release */,
			);
			defaultConfigurationIsVisible = 0;
			defaultConfigurationName = Release;
		};
/* End XCConfigurationList section */

/* Begin XCVersionGroup section */
		329DEACB254CF50E00E92301 /* sample.xcdatamodeld */ = {
			isa = XCVersionGroup;
			children = (
				329DEACC254CF50E00E92301 /* sample.xcdatamodel */,
			);
			currentVersion = 329DEACC254CF50E00E92301 /* sample.xcdatamodel */;
			path = sample.xcdatamodeld;
			sourceTree = "<group>";
			versionGroupType = wrapper.xcdatamodel;
		};
/* End XCVersionGroup section */
	};
	rootObject = 329DEAB7254CF50E00E92301 /* Project object */;
}
