// !$*UTF8*$!
{
	archiveVersion = 1;
	classes = {
	};
	objectVersion = 50;
	objects = {

/* Begin PBXBuildFile section */
		49375405255BCC3400CDA304 /* AppDelegate.swift in Sources */ = {isa = PBXBuildFile; fileRef = 49375404255BCC3400CDA304 /* AppDelegate.swift */; };
		49375407255BCC3400CDA304 /* GameScene.sks in Resources */ = {isa = PBXBuildFile; fileRef = 49375406255BCC3400CDA304 /* GameScene.sks */; };
		4937540B255BCC3400CDA304 /* GameScene.swift in Sources */ = {isa = PBXBuildFile; fileRef = 4937540A255BCC3400CDA304 /* GameScene.swift */; };
		4937540D255BCC3400CDA304 /* GameViewController.swift in Sources */ = {isa = PBXBuildFile; fileRef = 4937540C255BCC3400CDA304 /* GameViewController.swift */; };
		49375410255BCC3400CDA304 /* Main.storyboard in Resources */ = {isa = PBXBuildFile; fileRef = 4937540E255BCC3400CDA304 /* Main.storyboard */; };
		49375412255BCC3800CDA304 /* Assets.xcassets in Resources */ = {isa = PBXBuildFile; fileRef = 49375411255BCC3800CDA304 /* Assets.xcassets */; };
		49375415255BCC3800CDA304 /* LaunchScreen.storyboard in Resources */ = {isa = PBXBuildFile; fileRef = 49375413255BCC3800CDA304 /* LaunchScreen.storyboard */; };
		4937541D255BD92500CDA304 /* Stage.swift in Sources */ = {isa = PBXBuildFile; fileRef = 4937541C255BD92500CDA304 /* Stage.swift */; };
/* End PBXBuildFile section */

/* Begin PBXFileReference section */
		49375401255BCC3400CDA304 /* Last Defense.app */ = {isa = PBXFileReference; explicitFileType = wrapper.application; includeInIndex = 0; path = "Last Defense.app"; sourceTree = BUILT_PRODUCTS_DIR; };
		49375404255BCC3400CDA304 /* AppDelegate.swift */ = {isa = PBXFileReference; lastKnownFileType = sourcecode.swift; path = AppDelegate.swift; sourceTree = "<group>"; };
		49375406255BCC3400CDA304 /* GameScene.sks */ = {isa = PBXFileReference; lastKnownFileType = file.sks; path = GameScene.sks; sourceTree = "<group>"; };
		4937540A255BCC3400CDA304 /* GameScene.swift */ = {isa = PBXFileReference; lastKnownFileType = sourcecode.swift; path = GameScene.swift; sourceTree = "<group>"; };
		4937540C255BCC3400CDA304 /* GameViewController.swift */ = {isa = PBXFileReference; lastKnownFileType = sourcecode.swift; path = GameViewController.swift; sourceTree = "<group>"; };
		4937540F255BCC3400CDA304 /* Base */ = {isa = PBXFileReference; lastKnownFileType = file.storyboard; name = Base; path = Base.lproj/Main.storyboard; sourceTree = "<group>"; };
		49375411255BCC3800CDA304 /* Assets.xcassets */ = {isa = PBXFileReference; lastKnownFileType = folder.assetcatalog; path = Assets.xcassets; sourceTree = "<group>"; };
		49375414255BCC3800CDA304 /* Base */ = {isa = PBXFileReference; lastKnownFileType = file.storyboard; name = Base; path = Base.lproj/LaunchScreen.storyboard; sourceTree = "<group>"; };
		49375416255BCC3800CDA304 /* Info.plist */ = {isa = PBXFileReference; lastKnownFileType = text.plist.xml; path = Info.plist; sourceTree = "<group>"; };
		4937541C255BD92500CDA304 /* Stage.swift */ = {isa = PBXFileReference; lastKnownFileType = sourcecode.swift; path = Stage.swift; sourceTree = "<group>"; };
/* End PBXFileReference section */

/* Begin PBXFrameworksBuildPhase section */
		493753FE255BCC3400CDA304 /* Frameworks */ = {
			isa = PBXFrameworksBuildPhase;
			buildActionMask = 2147483647;
			files = (
			);
			runOnlyForDeploymentPostprocessing = 0;
		};
/* End PBXFrameworksBuildPhase section */

/* Begin PBXGroup section */
		493753F8255BCC3400CDA304 = {
			isa = PBXGroup;
			children = (
				49375403255BCC3400CDA304 /* Last Defense */,
				49375402255BCC3400CDA304 /* Products */,
			);
			sourceTree = "<group>";
		};
		49375402255BCC3400CDA304 /* Products */ = {
			isa = PBXGroup;
			children = (
				49375401255BCC3400CDA304 /* Last Defense.app */,
			);
			name = Products;
			sourceTree = "<group>";
		};
		49375403255BCC3400CDA304 /* Last Defense */ = {
			isa = PBXGroup;
			children = (
				49375404255BCC3400CDA304 /* AppDelegate.swift */,
				49375406255BCC3400CDA304 /* GameScene.sks */,
				4937540A255BCC3400CDA304 /* GameScene.swift */,
				4937540C255BCC3400CDA304 /* GameViewController.swift */,
				4937540E255BCC3400CDA304 /* Main.storyboard */,
				49375411255BCC3800CDA304 /* Assets.xcassets */,
				49375413255BCC3800CDA304 /* LaunchScreen.storyboard */,
				49375416255BCC3800CDA304 /* Info.plist */,
				4937541C255BD92500CDA304 /* Stage.swift */,
			);
			path = "Last Defense";
			sourceTree = "<group>";
		};
/* End PBXGroup section */

/* Begin PBXNativeTarget section */
		49375400255BCC3400CDA304 /* Last Defense */ = {
			isa = PBXNativeTarget;
			buildConfigurationList = 49375419255BCC3800CDA304 /* Build configuration list for PBXNativeTarget "Last Defense" */;
			buildPhases = (
				493753FD255BCC3400CDA304 /* Sources */,
				493753FE255BCC3400CDA304 /* Frameworks */,
				493753FF255BCC3400CDA304 /* Resources */,
			);
			buildRules = (
			);
			dependencies = (
			);
			name = "Last Defense";
			productName = "Last Defense";
			productReference = 49375401255BCC3400CDA304 /* Last Defense.app */;
			productType = "com.apple.product-type.application";
		};
/* End PBXNativeTarget section */

/* Begin PBXProject section */
		493753F9255BCC3400CDA304 /* Project object */ = {
			isa = PBXProject;
			attributes = {
				LastSwiftUpdateCheck = 1170;
				LastUpgradeCheck = 1170;
				ORGANIZATIONNAME = "Tristan de Lange";
				TargetAttributes = {
					49375400255BCC3400CDA304 = {
						CreatedOnToolsVersion = 11.7;
					};
				};
			};
			buildConfigurationList = 493753FC255BCC3400CDA304 /* Build configuration list for PBXProject "Last Defense" */;
			compatibilityVersion = "Xcode 9.3";
			developmentRegion = en;
			hasScannedForEncodings = 0;
			knownRegions = (
				en,
				Base,
			);
			mainGroup = 493753F8255BCC3400CDA304;
			productRefGroup = 49375402255BCC3400CDA304 /* Products */;
			projectDirPath = "";
			projectRoot = "";
			targets = (
				49375400255BCC3400CDA304 /* Last Defense */,
			);
		};
/* End PBXProject section */

/* Begin PBXResourcesBuildPhase section */
		493753FF255BCC3400CDA304 /* Resources */ = {
			isa = PBXResourcesBuildPhase;
			buildActionMask = 2147483647;
			files = (
				49375410255BCC3400CDA304 /* Main.storyboard in Resources */,
				49375407255BCC3400CDA304 /* GameScene.sks in Resources */,
				49375412255BCC3800CDA304 /* Assets.xcassets in Resources */,
				49375415255BCC3800CDA304 /* LaunchScreen.storyboard in Resources */,
			);
			runOnlyForDeploymentPostprocessing = 0;
		};
/* End PBXResourcesBuildPhase section */

/* Begin PBXSourcesBuildPhase section */
		493753FD255BCC3400CDA304 /* Sources */ = {
			isa = PBXSourcesBuildPhase;
			buildActionMask = 2147483647;
			files = (
				4937540B255BCC3400CDA304 /* GameScene.swift in Sources */,
				4937540D255BCC3400CDA304 /* GameViewController.swift in Sources */,
				4937541D255BD92500CDA304 /* Stage.swift in Sources */,
				49375405255BCC3400CDA304 /* AppDelegate.swift in Sources */,
			);
			runOnlyForDeploymentPostprocessing = 0;
		};
/* End PBXSourcesBuildPhase section */

/* Begin PBXVariantGroup section */
		4937540E255BCC3400CDA304 /* Main.storyboard */ = {
			isa = PBXVariantGroup;
			children = (
				4937540F255BCC3400CDA304 /* Base */,
			);
			name = Main.storyboard;
			sourceTree = "<group>";
		};
		49375413255BCC3800CDA304 /* LaunchScreen.storyboard */ = {
			isa = PBXVariantGroup;
			children = (
				49375414255BCC3800CDA304 /* Base */,
			);
			name = LaunchScreen.storyboard;
			sourceTree = "<group>";
		};
/* End PBXVariantGroup section */

/* Begin XCBuildConfiguration section */
		49375417255BCC3800CDA304 /* Debug */ = {
			isa = XCBuildConfiguration;
			buildSettings = {
				ALWAYS_SEARCH_USER_PATHS = NO;
				CLANG_ANALYZER_NONNULL = YES;
				CLANG_ANALYZER_NUMBER_OBJECT_CONVERSION = YES_AGGRESSIVE;
				CLANG_CXX_LANGUAGE_STANDARD = "gnu++14";
				CLANG_CXX_LIBRARY = "libc++";
				CLANG_ENABLE_MODULES = YES;
				CLANG_ENABLE_OBJC_ARC = YES;
				CLANG_ENABLE_OBJC_WEAK = YES;
				CLANG_WARN_BLOCK_CAPTURE_AUTORELEASING = YES;
				CLANG_WARN_BOOL_CONVERSION = YES;
				CLANG_WARN_COMMA = YES;
				CLANG_WARN_CONSTANT_CONVERSION = YES;
				CLANG_WARN_DEPRECATED_OBJC_IMPLEMENTATIONS = YES;
				CLANG_WARN_DIRECT_OBJC_ISA_USAGE = YES_ERROR;
				CLANG_WARN_DOCUMENTATION_COMMENTS = YES;
				CLANG_WARN_EMPTY_BODY = YES;
				CLANG_WARN_ENUM_CONVERSION = YES;
				CLANG_WARN_INFINITE_RECURSION = YES;
				CLANG_WARN_INT_CONVERSION = YES;
				CLANG_WARN_NON_LITERAL_NULL_CONVERSION = YES;
				CLANG_WARN_OBJC_IMPLICIT_RETAIN_SELF = YES;
				CLANG_WARN_OBJC_LITERAL_CONVERSION = YES;
				CLANG_WARN_OBJC_ROOT_CLASS = YES_ERROR;
				CLANG_WARN_RANGE_LOOP_ANALYSIS = YES;
				CLANG_WARN_STRICT_PROTOTYPES = YES;
				CLANG_WARN_SUSPICIOUS_MOVE = YES;
				CLANG_WARN_UNGUARDED_AVAILABILITY = YES_AGGRESSIVE;
				CLANG_WARN_UNREACHABLE_CODE = YES;
				CLANG_WARN__DUPLICATE_METHOD_MATCH = YES;
				COPY_PHASE_STRIP = NO;
				DEBUG_INFORMATION_FORMAT = dwarf;
				ENABLE_STRICT_OBJC_MSGSEND = YES;
				ENABLE_TESTABILITY = YES;
				GCC_C_LANGUAGE_STANDARD = gnu11;
				GCC_DYNAMIC_NO_PIC = NO;
				GCC_NO_COMMON_BLOCKS = YES;
				GCC_OPTIMIZATION_LEVEL = 0;
				GCC_PREPROCESSOR_DEFINITIONS = (
					"DEBUG=1",
					"$(inherited)",
				);
				GCC_WARN_64_TO_32_BIT_CONVERSION = YES;
				GCC_WARN_ABOUT_RETURN_TYPE = YES_ERROR;
				GCC_WARN_UNDECLARED_SELECTOR = YES;
				GCC_WARN_UNINITIALIZED_AUTOS = YES_AGGRESSIVE;
				GCC_WARN_UNUSED_FUNCTION = YES;
				GCC_WARN_UNUSED_VARIABLE = YES;
				IPHONEOS_DEPLOYMENT_TARGET = 13.7;
				MTL_ENABLE_DEBUG_INFO = INCLUDE_SOURCE;
				MTL_FAST_MATH = YES;
				ONLY_ACTIVE_ARCH = YES;
				SDKROOT = iphoneos;
				SWIFT_ACTIVE_COMPILATION_CONDITIONS = DEBUG;
				SWIFT_OPTIMIZATION_LEVEL = "-Onone";
			};
			name = Debug;
		};
		49375418255BCC3800CDA304 /* Release */ = {
			isa = XCBuildConfiguration;
			buildSettings = {
				ALWAYS_SEARCH_USER_PATHS = NO;
				CLANG_ANALYZER_NONNULL = YES;
				CLANG_ANALYZER_NUMBER_OBJECT_CONVERSION = YES_AGGRESSIVE;
				CLANG_CXX_LANGUAGE_STANDARD = "gnu++14";
				CLANG_CXX_LIBRARY = "libc++";
				CLANG_ENABLE_MODULES = YES;
				CLANG_ENABLE_OBJC_ARC = YES;
				CLANG_ENABLE_OBJC_WEAK = YES;
				CLANG_WARN_BLOCK_CAPTURE_AUTORELEASING = YES;
				CLANG_WARN_BOOL_CONVERSION = YES;
				CLANG_WARN_COMMA = YES;
				CLANG_WARN_CONSTANT_CONVERSION = YES;
				CLANG_WARN_DEPRECATED_OBJC_IMPLEMENTATIONS = YES;
				CLANG_WARN_DIRECT_OBJC_ISA_USAGE = YES_ERROR;
				CLANG_WARN_DOCUMENTATION_COMMENTS = YES;
				CLANG_WARN_EMPTY_BODY = YES;
				CLANG_WARN_ENUM_CONVERSION = YES;
				CLANG_WARN_INFINITE_RECURSION = YES;
				CLANG_WARN_INT_CONVERSION = YES;
				CLANG_WARN_NON_LITERAL_NULL_CONVERSION = YES;
				CLANG_WARN_OBJC_IMPLICIT_RETAIN_SELF = YES;
				CLANG_WARN_OBJC_LITERAL_CONVERSION = YES;
				CLANG_WARN_OBJC_ROOT_CLASS = YES_ERROR;
				CLANG_WARN_RANGE_LOOP_ANALYSIS = YES;
				CLANG_WARN_STRICT_PROTOTYPES = YES;
				CLANG_WARN_SUSPICIOUS_MOVE = YES;
				CLANG_WARN_UNGUARDED_AVAILABILITY = YES_AGGRESSIVE;
				CLANG_WARN_UNREACHABLE_CODE = YES;
				CLANG_WARN__DUPLICATE_METHOD_MATCH = YES;
				COPY_PHASE_STRIP = NO;
				DEBUG_INFORMATION_FORMAT = "dwarf-with-dsym";
				ENABLE_NS_ASSERTIONS = NO;
				ENABLE_STRICT_OBJC_MSGSEND = YES;
				GCC_C_LANGUAGE_STANDARD = gnu11;
				GCC_NO_COMMON_BLOCKS = YES;
				GCC_WARN_64_TO_32_BIT_CONVERSION = YES;
				GCC_WARN_ABOUT_RETURN_TYPE = YES_ERROR;
				GCC_WARN_UNDECLARED_SELECTOR = YES;
				GCC_WARN_UNINITIALIZED_AUTOS = YES_AGGRESSIVE;
				GCC_WARN_UNUSED_FUNCTION = YES;
				GCC_WARN_UNUSED_VARIABLE = YES;
				IPHONEOS_DEPLOYMENT_TARGET = 13.7;
				MTL_ENABLE_DEBUG_INFO = NO;
				MTL_FAST_MATH = YES;
				SDKROOT = iphoneos;
				SWIFT_COMPILATION_MODE = wholemodule;
				SWIFT_OPTIMIZATION_LEVEL = "-O";
				VALIDATE_PRODUCT = YES;
			};
			name = Release;
		};
		4937541A255BCC3800CDA304 /* Debug */ = {
			isa = XCBuildConfiguration;
			buildSettings = {
				ASSETCATALOG_COMPILER_APPICON_NAME = AppIcon;
				CODE_SIGN_STYLE = Automatic;
				INFOPLIST_FILE = "Last Defense/Info.plist";
				LD_RUNPATH_SEARCH_PATHS = (
					"$(inherited)",
					"@executable_path/Frameworks",
				);
				PRODUCT_BUNDLE_IDENTIFIER = "com.tdelange.Last-Defense";
				PRODUCT_NAME = "$(TARGET_NAME)";
				SWIFT_VERSION = 5.0;
				TARGETED_DEVICE_FAMILY = "1,2";
			};
			name = Debug;
		};
		4937541B255BCC3800CDA304 /* Release */ = {
			isa = XCBuildConfiguration;
			buildSettings = {
				ASSETCATALOG_COMPILER_APPICON_NAME = AppIcon;
				CODE_SIGN_STYLE = Automatic;
				INFOPLIST_FILE = "Last Defense/Info.plist";
				LD_RUNPATH_SEARCH_PATHS = (
					"$(inherited)",
					"@executable_path/Frameworks",
				);
				PRODUCT_BUNDLE_IDENTIFIER = "com.tdelange.Last-Defense";
				PRODUCT_NAME = "$(TARGET_NAME)";
				SWIFT_VERSION = 5.0;
				TARGETED_DEVICE_FAMILY = "1,2";
			};
			name = Release;
		};
/* End XCBuildConfiguration section */

/* Begin XCConfigurationList section */
		493753FC255BCC3400CDA304 /* Build configuration list for PBXProject "Last Defense" */ = {
			isa = XCConfigurationList;
			buildConfigurations = (
				49375417255BCC3800CDA304 /* Debug */,
				49375418255BCC3800CDA304 /* Release */,
			);
			defaultConfigurationIsVisible = 0;
			defaultConfigurationName = Release;
		};
		49375419255BCC3800CDA304 /* Build configuration list for PBXNativeTarget "Last Defense" */ = {
			isa = XCConfigurationList;
			buildConfigurations = (
				4937541A255BCC3800CDA304 /* Debug */,
				4937541B255BCC3800CDA304 /* Release */,
			);
			defaultConfigurationIsVisible = 0;
			defaultConfigurationName = Release;
		};
/* End XCConfigurationList section */
	};
	rootObject = 493753F9255BCC3400CDA304 /* Project object */;
}
